
Microsoft Visual Studio Solution File, Format Version 12.00
# Visual Studio Version 17
VisualStudioVersion = 17.9.34622.214
MinimumVisualStudioVersion = 10.0.40219.1
Project("{9A19103F-16F7-4668-BE54-9A1E7A4F7556}") = "BookStore", "BookStore\BookStore.csproj", "{0B17A496-0B19-4E64-8B69-B22631EE7211}"
EndProject
Project("{FAE04EC0-301F-11D3-BF4B-00C04F79EFBC}") = "Domain", "Domain\Domain.csproj", "{6C1855FF-1451-4552-AA86-3CA4D74F5653}"
EndProject
Project("{FAE04EC0-301F-11D3-BF4B-00C04F79EFBC}") = "Repository", "Repository\Repository.csproj", "{3536C352-477D-4413-85B8-62184E00CD77}"
EndProject
Project("{FAE04EC0-301F-11D3-BF4B-00C04F79EFBC}") = "Service", "Service\Service.csproj", "{768D1CD8-CFEF-462D-9C57-E8EEA42908D3}"
EndProject
Global
	GlobalSection(SolutionConfigurationPlatforms) = preSolution
		Debug|Any CPU = Debug|Any CPU
		Release|Any CPU = Release|Any CPU
	EndGlobalSection
	GlobalSection(ProjectConfigurationPlatforms) = postSolution
		{0B17A496-0B19-4E64-8B69-B22631EE7211}.Debug|Any CPU.ActiveCfg = Debug|Any CPU
		{0B17A496-0B19-4E64-8B69-B22631EE7211}.Debug|Any CPU.Build.0 = Debug|Any CPU
		{0B17A496-0B19-4E64-8B69-B22631EE7211}.Release|Any CPU.ActiveCfg = Release|Any CPU
		{0B17A496-0B19-4E64-8B69-B22631EE7211}.Release|Any CPU.Build.0 = Release|Any CPU
		{6C1855FF-1451-4552-AA86-3CA4D74F5653}.Debug|Any CPU.ActiveCfg = Debug|Any CPU
		{6C1855FF-1451-4552-AA86-3CA4D74F5653}.Debug|Any CPU.Build.0 = Debug|Any CPU
		{6C1855FF-1451-4552-AA86-3CA4D74F5653}.Release|Any CPU.ActiveCfg = Release|Any CPU
		{6C1855FF-1451-4552-AA86-3CA4D74F5653}.Release|Any CPU.Build.0 = Release|Any CPU
		{3536C352-477D-4413-85B8-62184E00CD77}.Debug|Any CPU.ActiveCfg = Debug|Any CPU
		{3536C352-477D-4413-85B8-62184E00CD77}.Debug|Any CPU.Build.0 = Debug|Any CPU
		{3536C352-477D-4413-85B8-62184E00CD77}.Release|Any CPU.ActiveCfg = Release|Any CPU
		{3536C352-477D-4413-85B8-62184E00CD77}.Release|Any CPU.Build.0 = Release|Any CPU
		{768D1CD8-CFEF-462D-9C57-E8EEA42908D3}.Debug|Any CPU.ActiveCfg = Debug|Any CPU
		{768D1CD8-CFEF-462D-9C57-E8EEA42908D3}.Debug|Any CPU.Build.0 = Debug|Any CPU
		{768D1CD8-CFEF-462D-9C57-E8EEA42908D3}.Release|Any CPU.ActiveCfg = Release|Any CPU
		{768D1CD8-CFEF-462D-9C57-E8EEA42908D3}.Release|Any CPU.Build.0 = Release|Any CPU
	EndGlobalSection
	GlobalSection(SolutionProperties) = preSolution
		HideSolutionNode = FALSE
	EndGlobalSection
	GlobalSection(ExtensibilityGlobals) = postSolution
		SolutionGuid = {C63F8BD3-E20B-4AEF-AFF7-C8263BFA10D2}
	EndGlobalSection
EndGlobal
